
Microsoft Visual Studio Solution File, Format Version 12.00
# Visual Studio 14
VisualStudioVersion = 14.0.25420.1
MinimumVisualStudioVersion = 10.0.40219.1
Project("{8BC9CEB8-8B4A-11D0-8D11-00A0C91BC942}") = "MFCApplication4", "MFCApplication4\MFCApplication4.vcxproj", "{41C478CB-C8A0-4BEE-9B92-AEB26AC86A24}"
EndProject
Global
	GlobalSection(SolutionConfigurationPlatforms) = preSolution
		Debug|x64 = Debug|x64
		Debug|x86 = Debug|x86
		Release|x64 = Release|x64
		Release|x86 = Release|x86
	EndGlobalSection
	GlobalSection(ProjectConfigurationPlatforms) = postSolution
		{41C478CB-C8A0-4BEE-9B92-AEB26AC86A24}.Debug|x64.ActiveCfg = Debug|x64
		{41C478CB-C8A0-4BEE-9B92-AEB26AC86A24}.Debug|x64.Build.0 = Debug|x64
		{41C478CB-C8A0-4BEE-9B92-AEB26AC86A24}.Debug|x86.ActiveCfg = Debug|Win32
		{41C478CB-C8A0-4BEE-9B92-AEB26AC86A24}.Debug|x86.Build.0 = Debug|Win32
		{41C478CB-C8A0-4BEE-9B92-AEB26AC86A24}.Release|x64.ActiveCfg = Release|x64
		{41C478CB-C8A0-4BEE-9B92-AEB26AC86A24}.Release|x64.Build.0 = Release|x64
		{41C478CB-C8A0-4BEE-9B92-AEB26AC86A24}.Release|x86.ActiveCfg = Release|Win32
		{41C478CB-C8A0-4BEE-9B92-AEB26AC86A24}.Release|x86.Build.0 = Release|Win32
	EndGlobalSection
	GlobalSection(SolutionProperties) = preSolution
		HideSolutionNode = FALSE
	EndGlobalSection
EndGlobal
